# This file is automatically @generated by Cargo.
# It is not intended for manual editing.
version = 3

[[package]]
name = "add_depth"
version = "0.1.0"
dependencies = [
 "quote",
 "syn",
]

[[package]]
name = "annotate-snippets"
version = "0.8.0"
source = "registry+https://github.com/rust-lang/crates.io-index"
checksum = "d78ea013094e5ea606b1c05fe35f1dd7ea1eb1ea259908d040b25bd5ec677ee5"

[[package]]
name = "arbitrary"
version = "1.0.0"
source = "registry+https://github.com/rust-lang/crates.io-index"
checksum = "698b65a961a9d730fb45b6b0327e20207810c9f61ee421b082b27ba003f49e2b"

[[package]]
name = "arrayvec"
version = "0.7.0"
source = "registry+https://github.com/rust-lang/crates.io-index"
checksum = "5a2f58b0bb10c380af2b26e57212856b8c9a59e0925b4c20f4a174a49734eaf7"

[[package]]
name = "atty"
version = "0.2.14"
source = "registry+https://github.com/rust-lang/crates.io-index"
checksum = "d9b39be18770d11421cdb1b9947a45dd3f37e93092cbf377614828a319d5fee8"
dependencies = [
 "hermit-abi",
 "libc",
 "winapi",
]

[[package]]
name = "autocfg"
version = "1.0.1"
source = "registry+https://github.com/rust-lang/crates.io-index"
checksum = "cdb031dd78e28731d87d56cc8ffef4a8f36ca26c38fe2de700543e627f8a464a"

[[package]]
name = "bitflags"
version = "1.2.1"
source = "registry+https://github.com/rust-lang/crates.io-index"
checksum = "cf1de2fe8c75bc145a2f577add951f8134889b4795d47466a54a5c846d691693"

[[package]]
name = "block-buffer"
version = "0.9.0"
source = "registry+https://github.com/rust-lang/crates.io-index"
checksum = "4152116fd6e9dadb291ae18fc1ec3575ed6d84c29642d97890f4b4a3417297e4"
dependencies = [
 "generic-array",
]

[[package]]
name = "cc"
version = "1.0.67"
source = "registry+https://github.com/rust-lang/crates.io-index"
checksum = "e3c69b077ad434294d3ce9f1f6143a2a4b89a8a2d54ef813d85003a4fd1137fd"

[[package]]
name = "cfg-if"
version = "0.1.10"
source = "registry+https://github.com/rust-lang/crates.io-index"
checksum = "4785bdd1c96b2a846b2bd7cc02e86b6b3dbf14e7e53446c4f54c92a361040822"

[[package]]
name = "cfg-if"
version = "1.0.0"
source = "registry+https://github.com/rust-lang/crates.io-index"
checksum = "baf1de4339761588bc0619e3cbc0120ee582ebb74b53b4efbf79117bd2da40fd"

[[package]]
name = "cpufeatures"
version = "0.1.1"
source = "registry+https://github.com/rust-lang/crates.io-index"
checksum = "dec1028182c380cc45a2e2c5ec841134f2dfd0f8f5f0a5bcd68004f81b5efdf4"
dependencies = [
 "libc",
]

[[package]]
name = "crossbeam-deque"
version = "0.7.3"
source = "registry+https://github.com/rust-lang/crates.io-index"
checksum = "9f02af974daeee82218205558e51ec8768b48cf524bd01d550abe5573a608285"
dependencies = [
 "crossbeam-epoch",
 "crossbeam-utils 0.7.2",
 "maybe-uninit",
]

[[package]]
name = "crossbeam-epoch"
version = "0.8.2"
source = "registry+https://github.com/rust-lang/crates.io-index"
checksum = "058ed274caafc1f60c4997b5fc07bf7dc7cca454af7c6e81edffe5f33f70dace"
dependencies = [
 "autocfg",
 "cfg-if 0.1.10",
 "crossbeam-utils 0.7.2",
 "lazy_static",
 "maybe-uninit",
 "memoffset",
 "scopeguard",
]

[[package]]
name = "crossbeam-queue"
version = "0.2.3"
source = "registry+https://github.com/rust-lang/crates.io-index"
checksum = "774ba60a54c213d409d5353bda12d49cd68d14e45036a285234c8d6f91f92570"
dependencies = [
 "cfg-if 0.1.10",
 "crossbeam-utils 0.7.2",
 "maybe-uninit",
]

[[package]]
name = "crossbeam-utils"
version = "0.7.2"
source = "registry+https://github.com/rust-lang/crates.io-index"
checksum = "c3c7c73a2d1e9fc0886a08b93e98eb643461230d5f1925e4036204d5f2e261a8"
dependencies = [
 "autocfg",
 "cfg-if 0.1.10",
 "lazy_static",
]

[[package]]
name = "crossbeam-utils"
version = "0.8.4"
source = "registry+https://github.com/rust-lang/crates.io-index"
checksum = "4feb231f0d4d6af81aed15928e58ecf5816aa62a2393e2c82f46973e92a9a278"
dependencies = [
 "autocfg",
 "cfg-if 1.0.0",
 "lazy_static",
]

[[package]]
name = "digest"
version = "0.9.0"
source = "registry+https://github.com/rust-lang/crates.io-index"
checksum = "d3dd60d1080a57a05ab032377049e0591415d2b31afd7028356dbf3cc6dcb066"
dependencies = [
 "generic-array",
]

[[package]]
name = "either"
version = "1.6.1"
source = "registry+https://github.com/rust-lang/crates.io-index"
checksum = "e78d4f1cc4ae33bbfc157ed5d5a5ef3bc29227303d595861deb238fcec4e9457"

[[package]]
name = "ena"
version = "0.14.0"
source = "registry+https://github.com/rust-lang/crates.io-index"
checksum = "d7402b94a93c24e742487327a7cd839dc9d36fec9de9fb25b09f2dae459f36c3"
dependencies = [
 "log",
]

[[package]]
name = "generic-array"
version = "0.14.4"
source = "registry+https://github.com/rust-lang/crates.io-index"
checksum = "501466ecc8a30d1d3b7fc9229b122b2ce8ed6e9d9223f1138d4babb253e51817"
dependencies = [
 "typenum",
 "version_check",
]

[[package]]
name = "getopts"
version = "0.2.21"
source = "registry+https://github.com/rust-lang/crates.io-index"
checksum = "14dbbfd5c71d70241ecf9e6f13737f7b5ce823821063188d7e46c41d371eebd5"
dependencies = [
 "unicode-width",
]

[[package]]
name = "getrandom"
version = "0.2.2"
source = "registry+https://github.com/rust-lang/crates.io-index"
checksum = "c9495705279e7140bf035dde1f6e750c162df8b625267cd52cc44e0b156732c8"
dependencies = [
 "cfg-if 1.0.0",
 "libc",
 "wasi",
]

[[package]]
name = "hashbrown"
version = "0.9.1"
source = "registry+https://github.com/rust-lang/crates.io-index"
checksum = "d7afe4a420e3fe79967a00898cc1f4db7c8a49a9333a29f8a4bd76a253d5cd04"

[[package]]
name = "hermit-abi"
version = "0.1.18"
source = "registry+https://github.com/rust-lang/crates.io-index"
checksum = "322f4de77956e22ed0e5032c359a0f1273f1f7f0d79bfa3b8ffbc730d7fbcc5c"
dependencies = [
 "libc",
]

[[package]]
name = "indexmap"
version = "1.6.2"
source = "registry+https://github.com/rust-lang/crates.io-index"
checksum = "824845a0bf897a9042383849b02c1bc219c2383772efcd5c6f9766fa4b81aef3"
dependencies = [
 "autocfg",
 "hashbrown",
]

[[package]]
name = "instant"
version = "0.1.9"
source = "registry+https://github.com/rust-lang/crates.io-index"
checksum = "61124eeebbd69b8190558df225adf7e4caafce0d743919e5d6b19652314ec5ec"
dependencies = [
 "cfg-if 1.0.0",
]

[[package]]
name = "jobserver"
version = "0.1.22"
source = "registry+https://github.com/rust-lang/crates.io-index"
checksum = "972f5ae5d1cb9c6ae417789196c803205313edde988685da5e3aae0827b9e7fd"
dependencies = [
 "libc",
]

[[package]]
name = "lazy_static"
version = "1.4.0"
source = "registry+https://github.com/rust-lang/crates.io-index"
checksum = "e2abad23fbc42b3700f2f279844dc832adb2b2eb069b2df918f455c4e18cc646"

[[package]]
name = "libc"
version = "0.2.94"
source = "registry+https://github.com/rust-lang/crates.io-index"
checksum = "18794a8ad5b29321f790b55d93dfba91e125cb1a9edbd4f8e3150acc771c1a5e"

[[package]]
name = "lock_api"
version = "0.4.4"
source = "registry+https://github.com/rust-lang/crates.io-index"
checksum = "0382880606dff6d15c9476c416d18690b72742aa7b605bb6dd6ec9030fbf07eb"
dependencies = [
 "scopeguard",
]

[[package]]
name = "log"
version = "0.4.14"
source = "registry+https://github.com/rust-lang/crates.io-index"
checksum = "51b9bbe6c47d51fc3e1a9b945965946b4c44142ab8792c50835a980d362c2710"
dependencies = [
 "cfg-if 1.0.0",
]

[[package]]
name = "maybe-uninit"
version = "2.0.0"
source = "registry+https://github.com/rust-lang/crates.io-index"
checksum = "60302e4db3a61da70c0cb7991976248362f30319e88850c487b9b95bbf059e00"

[[package]]
name = "md-5"
version = "0.9.1"
source = "registry+https://github.com/rust-lang/crates.io-index"
checksum = "7b5a279bb9607f9f53c22d496eade00d138d1bdcccd07d74650387cf94942a15"
dependencies = [
 "block-buffer",
 "digest",
 "opaque-debug",
]

[[package]]
name = "measureme"
version = "9.1.1"
source = "registry+https://github.com/rust-lang/crates.io-index"
checksum = "49cf14eb7d2eea897d9949b68f19e165638755e3a1a3c0941b6b6c3e00141f2c"
dependencies = [
 "log",
 "memmap2",
 "parking_lot",
 "perf-event-open-sys",
 "rustc-hash",
 "smallvec",
]

[[package]]
name = "memmap2"
version = "0.2.2"
source = "registry+https://github.com/rust-lang/crates.io-index"
checksum = "397d1a6d6d0563c0f5462bbdae662cf6c784edf5e828e40c7257f85d82bf56dd"
dependencies = [
 "libc",
]

[[package]]
name = "memoffset"
version = "0.5.6"
source = "registry+https://github.com/rust-lang/crates.io-index"
checksum = "043175f069eda7b85febe4a74abbaeff828d9f8b448515d3151a14a3542811aa"
dependencies = [
 "autocfg",
]

[[package]]
name = "num_cpus"
version = "1.13.0"
source = "registry+https://github.com/rust-lang/crates.io-index"
checksum = "05499f3756671c15885fee9034446956fff3f243d6077b91e5767df161f766b3"
dependencies = [
 "hermit-abi",
 "libc",
]

[[package]]
name = "opaque-debug"
version = "0.3.0"
source = "registry+https://github.com/rust-lang/crates.io-index"
checksum = "624a8340c38c1b80fd549087862da4ba43e08858af025b236e509b6649fc13d5"

[[package]]
name = "parking_lot"
version = "0.11.1"
source = "registry+https://github.com/rust-lang/crates.io-index"
checksum = "6d7744ac029df22dca6284efe4e898991d28e3085c706c972bcd7da4a27a15eb"
dependencies = [
 "instant",
 "lock_api",
 "parking_lot_core",
]

[[package]]
name = "parking_lot_core"
version = "0.8.3"
source = "registry+https://github.com/rust-lang/crates.io-index"
checksum = "fa7a782938e745763fe6907fc6ba86946d72f49fe7e21de074e08128a99fb018"
dependencies = [
 "cfg-if 1.0.0",
 "instant",
 "libc",
 "redox_syscall",
 "smallvec",
 "winapi",
]

[[package]]
name = "perf-event-open-sys"
version = "1.0.1"
source = "registry+https://github.com/rust-lang/crates.io-index"
checksum = "ce9bedf5da2c234fdf2391ede2b90fabf585355f33100689bc364a3ea558561a"
dependencies = [
 "libc",
]

[[package]]
name = "pin-project-lite"
version = "0.2.6"
source = "registry+https://github.com/rust-lang/crates.io-index"
checksum = "dc0e1f259c92177c30a4c9d177246edd0a3568b25756a977d0632cf8fa37e905"

[[package]]
name = "ppv-lite86"
version = "0.2.10"
source = "registry+https://github.com/rust-lang/crates.io-index"
checksum = "ac74c624d6b2d21f425f752262f42188365d7b8ff1aff74c82e45136510a4857"

[[package]]
name = "proc-macro2"
version = "1.0.26"
source = "registry+https://github.com/rust-lang/crates.io-index"
checksum = "a152013215dca273577e18d2bf00fa862b89b24169fb78c4c95aeb07992c9cec"
dependencies = [
 "unicode-xid",
]

[[package]]
name = "psm"
version = "0.1.12"
source = "registry+https://github.com/rust-lang/crates.io-index"
checksum = "3abf49e5417290756acfd26501536358560c4a5cc4a0934d390939acb3e7083a"
dependencies = [
 "cc",
]

[[package]]
name = "quote"
version = "1.0.9"
source = "registry+https://github.com/rust-lang/crates.io-index"
checksum = "c3d0b9745dc2debf507c8422de05d7226cc1f0644216dfdfead988f9b1ab32a7"
dependencies = [
 "proc-macro2",
]

[[package]]
name = "rand"
version = "0.8.3"
source = "registry+https://github.com/rust-lang/crates.io-index"
checksum = "0ef9e7e66b4468674bfcb0c81af8b7fa0bb154fa9f28eb840da5c447baeb8d7e"
dependencies = [
 "libc",
 "rand_chacha",
 "rand_core",
 "rand_hc",
]

[[package]]
name = "rand_chacha"
version = "0.3.0"
source = "registry+https://github.com/rust-lang/crates.io-index"
checksum = "e12735cf05c9e10bf21534da50a147b924d555dc7a547c42e6bb2d5b6017ae0d"
dependencies = [
 "ppv-lite86",
 "rand_core",
]

[[package]]
name = "rand_core"
version = "0.6.2"
source = "registry+https://github.com/rust-lang/crates.io-index"
checksum = "34cf66eb183df1c5876e2dcf6b13d57340741e8dc255b48e40a26de954d06ae7"
dependencies = [
 "getrandom",
]

[[package]]
name = "rand_hc"
version = "0.3.0"
source = "registry+https://github.com/rust-lang/crates.io-index"
checksum = "3190ef7066a446f2e7f42e239d161e905420ccab01eb967c9eb27d21b2322a73"
dependencies = [
 "rand_core",
]

[[package]]
name = "redox_syscall"
version = "0.2.8"
source = "registry+https://github.com/rust-lang/crates.io-index"
checksum = "742739e41cd49414de871ea5e549afb7e2a3ac77b589bcbebe8c82fab37147fc"
dependencies = [
 "bitflags",
]

[[package]]
name = "remove_dir_all"
version = "0.5.3"
source = "registry+https://github.com/rust-lang/crates.io-index"
checksum = "3acd125665422973a33ac9d3dd2df85edad0f4ae9b00dafb1a05e43a9f5ef8e7"
dependencies = [
 "winapi",
]

[[package]]
name = "rustc-ap-rustc_arena"
version = "720.0.0"
source = "registry+https://github.com/rust-lang/crates.io-index"
checksum = "810de6c1a264c8f4352e95cb46581cf35b33edf16f8f46a68d39e29eea9704cd"
dependencies = [
 "rustc-ap-rustc_data_structures",
 "smallvec",
]

[[package]]
name = "rustc-ap-rustc_ast"
version = "720.0.0"
source = "registry+https://github.com/rust-lang/crates.io-index"
checksum = "4d79792e64b809f6c05ec094d458a03a8dc46a3861d2a7bf66bad3b1bb7eea9c"
dependencies = [
 "bitflags",
 "rustc-ap-rustc_data_structures",
 "rustc-ap-rustc_index",
 "rustc-ap-rustc_lexer",
 "rustc-ap-rustc_macros",
 "rustc-ap-rustc_serialize",
 "rustc-ap-rustc_span",
 "smallvec",
 "tracing",
]

[[package]]
name = "rustc-ap-rustc_ast_pretty"
version = "720.0.0"
source = "registry+https://github.com/rust-lang/crates.io-index"
checksum = "73c920e1b24a214199de6b7772eb929f5846bca157137b8b7e16711f929fb13d"
dependencies = [
 "rustc-ap-rustc_ast",
 "rustc-ap-rustc_span",
 "tracing",
]

[[package]]
name = "rustc-ap-rustc_data_structures"
version = "720.0.0"
source = "registry+https://github.com/rust-lang/crates.io-index"
checksum = "b04f695e2038ec2d289e11aed63d58be28d750ff4f4aab54d60d53068c9d62bf"
dependencies = [
 "arrayvec",
 "bitflags",
 "cfg-if 0.1.10",
 "crossbeam-utils 0.8.4",
 "ena",
 "indexmap",
 "jobserver",
 "libc",
 "measureme",
 "memmap2",
 "parking_lot",
 "rustc-ap-rustc_graphviz",
 "rustc-ap-rustc_index",
 "rustc-ap-rustc_macros",
 "rustc-ap-rustc_serialize",
 "rustc-hash",
 "rustc-rayon",
 "rustc-rayon-core",
 "smallvec",
 "stable_deref_trait",
 "stacker",
 "tempfile",
 "tracing",
 "winapi",
]

[[package]]
name = "rustc-ap-rustc_errors"
version = "720.0.0"
source = "registry+https://github.com/rust-lang/crates.io-index"
checksum = "f4440b50e893a837f82633ca3b138c04d4655265c4250cd436397b9978a6fda6"
dependencies = [
 "annotate-snippets",
 "atty",
 "rustc-ap-rustc_data_structures",
 "rustc-ap-rustc_lint_defs",
 "rustc-ap-rustc_macros",
 "rustc-ap-rustc_serialize",
 "rustc-ap-rustc_span",
 "termcolor",
 "termize",
 "tracing",
 "unicode-width",
 "winapi",
]

[[package]]
name = "rustc-ap-rustc_feature"
version = "720.0.0"
source = "registry+https://github.com/rust-lang/crates.io-index"
checksum = "3e2df9e395d9c1c789e6010e850dd2a2489bd3b979e3cd895fecc692f300906f"
dependencies = [
 "rustc-ap-rustc_data_structures",
 "rustc-ap-rustc_span",
]

[[package]]
name = "rustc-ap-rustc_fs_util"
version = "720.0.0"
source = "registry+https://github.com/rust-lang/crates.io-index"
checksum = "c25065b37cbd6735e9c75d4ff4b47c13cb40478a78f52d865cc307d6490b02cf"

[[package]]
name = "rustc-ap-rustc_graphviz"
version = "720.0.0"
source = "registry+https://github.com/rust-lang/crates.io-index"
checksum = "439a042b1160e83f91a65349e8b546010f57408a5fcec24946cd91dee374fb8d"

[[package]]
name = "rustc-ap-rustc_index"
version = "720.0.0"
source = "registry+https://github.com/rust-lang/crates.io-index"
checksum = "4259b23e24ad522886169992efaa07fd86421edd72606d1dc0b3f2935b5ac3c1"
dependencies = [
 "arrayvec",
 "rustc-ap-rustc_macros",
 "rustc-ap-rustc_serialize",
]

[[package]]
name = "rustc-ap-rustc_lexer"
version = "720.0.0"
source = "registry+https://github.com/rust-lang/crates.io-index"
checksum = "a025b453b0ae85335336f991f920ca9af5c0dc851171cb9035a16cea5619e9b2"
dependencies = [
 "unicode-xid",
]

[[package]]
name = "rustc-ap-rustc_lint_defs"
version = "720.0.0"
source = "registry+https://github.com/rust-lang/crates.io-index"
checksum = "d87ef9a02174a58e7c90a4d41770430e0ceff80cf9156dd7edb00364f49f363b"
dependencies = [
 "rustc-ap-rustc_ast",
 "rustc-ap-rustc_data_structures",
 "rustc-ap-rustc_macros",
 "rustc-ap-rustc_serialize",
 "rustc-ap-rustc_span",
 "rustc-ap-rustc_target",
 "tracing",
]

[[package]]
name = "rustc-ap-rustc_macros"
version = "720.0.0"
source = "registry+https://github.com/rust-lang/crates.io-index"
checksum = "8c5251aabae912366cdf46f09df3c4c748b9bd9042753873f48b1eadbd981869"
dependencies = [
 "proc-macro2",
 "quote",
 "syn",
 "synstructure",
]

[[package]]
name = "rustc-ap-rustc_parse"
version = "720.0.0"
source = "registry+https://github.com/rust-lang/crates.io-index"
checksum = "3ba5ceb9dcd7e7de15fe396e738d2a5c88528587bcc5f57396e2ae102b3c7e94"
dependencies = [
 "bitflags",
 "rustc-ap-rustc_ast",
 "rustc-ap-rustc_ast_pretty",
 "rustc-ap-rustc_data_structures",
 "rustc-ap-rustc_errors",
 "rustc-ap-rustc_feature",
 "rustc-ap-rustc_lexer",
 "rustc-ap-rustc_session",
 "rustc-ap-rustc_span",
 "smallvec",
 "tracing",
 "unicode-normalization",
]

[[package]]
name = "rustc-ap-rustc_serialize"
version = "720.0.0"
source = "registry+https://github.com/rust-lang/crates.io-index"
checksum = "7def27ea1c7b7e6e068c5b1a4501db0124d645088cf416e026d025be94d537ea"
dependencies = [
 "indexmap",
 "smallvec",
]

[[package]]
name = "rustc-ap-rustc_session"
version = "720.0.0"
source = "registry+https://github.com/rust-lang/crates.io-index"
checksum = "46ad0afd0b2b21ee32c67d45df5b82de7c611a84424143b197fddcd57f4bf298"
dependencies = [
 "bitflags",
 "getopts",
 "num_cpus",
 "rustc-ap-rustc_ast",
 "rustc-ap-rustc_data_structures",
 "rustc-ap-rustc_errors",
 "rustc-ap-rustc_feature",
 "rustc-ap-rustc_fs_util",
 "rustc-ap-rustc_lint_defs",
 "rustc-ap-rustc_macros",
 "rustc-ap-rustc_serialize",
 "rustc-ap-rustc_span",
 "rustc-ap-rustc_target",
 "tracing",
]

[[package]]
name = "rustc-ap-rustc_span"
version = "720.0.0"
source = "registry+https://github.com/rust-lang/crates.io-index"
checksum = "9b8674a893f1d4fe30de4506b747abc5123588db4b9faef272bb47abf43009db"
dependencies = [
 "cfg-if 0.1.10",
 "md-5",
 "rustc-ap-rustc_arena",
 "rustc-ap-rustc_data_structures",
 "rustc-ap-rustc_index",
 "rustc-ap-rustc_macros",
 "rustc-ap-rustc_serialize",
 "scoped-tls",
 "sha-1",
 "sha2",
 "tracing",
 "unicode-width",
]

[[package]]
name = "rustc-ap-rustc_target"
version = "720.0.0"
source = "registry+https://github.com/rust-lang/crates.io-index"
checksum = "73ce79d9f7856f9e2ece78f8db5200d7d8241261e8a679fc145bf11154ab8660"
dependencies = [
 "bitflags",
 "rustc-ap-rustc_data_structures",
 "rustc-ap-rustc_index",
 "rustc-ap-rustc_macros",
 "rustc-ap-rustc_serialize",
 "rustc-ap-rustc_span",
 "tracing",
]

[[package]]
name = "rustc-hash"
version = "1.1.0"
source = "registry+https://github.com/rust-lang/crates.io-index"
checksum = "08d43f7aa6b08d49f382cde6a7982047c3426db949b1424bc4b7ec9ae12c6ce2"

[[package]]
name = "rustc-rayon"
version = "0.3.1"
source = "registry+https://github.com/rust-lang/crates.io-index"
checksum = "ed7d6a39f8bfd4421ce720918234d1e672b83824c91345b47c93746839cf1629"
dependencies = [
 "crossbeam-deque",
 "either",
 "rustc-rayon-core",
]

[[package]]
name = "rustc-rayon-core"
version = "0.3.1"
source = "registry+https://github.com/rust-lang/crates.io-index"
checksum = "e94187d9ea3e8c38fafdbc38acb94eafa7ce155867f6ccb13830466a0d0db8c6"
dependencies = [
 "crossbeam-deque",
 "crossbeam-queue",
 "crossbeam-utils 0.7.2",
 "lazy_static",
 "num_cpus",
]

[[package]]
name = "rustsmith"
version = "0.1.0"
dependencies = [
 "add_depth",
 "arbitrary",
 "proc-macro2",
 "quote",
 "rand",
 "rustc-ap-rustc_ast",
 "rustc-ap-rustc_ast_pretty",
 "rustc-ap-rustc_data_structures",
 "rustc-ap-rustc_errors",
 "rustc-ap-rustc_parse",
 "rustc-ap-rustc_session",
 "rustc-ap-rustc_span",
 "scoped-tls",
 "syn",
]

[[package]]
name = "scoped-tls"
version = "1.0.0"
source = "registry+https://github.com/rust-lang/crates.io-index"
checksum = "ea6a9290e3c9cf0f18145ef7ffa62d68ee0bf5fcd651017e586dc7fd5da448c2"

[[package]]
name = "scopeguard"
version = "1.1.0"
source = "registry+https://github.com/rust-lang/crates.io-index"
checksum = "d29ab0c6d3fc0ee92fe66e2d99f700eab17a8d57d1c1d3b748380fb20baa78cd"

[[package]]
name = "sha-1"
version = "0.9.6"
source = "registry+https://github.com/rust-lang/crates.io-index"
checksum = "8c4cfa741c5832d0ef7fab46cabed29c2aae926db0b11bb2069edd8db5e64e16"
dependencies = [
 "block-buffer",
 "cfg-if 1.0.0",
 "cpufeatures",
 "digest",
 "opaque-debug",
]

[[package]]
name = "sha2"
version = "0.9.5"
source = "registry+https://github.com/rust-lang/crates.io-index"
checksum = "b362ae5752fd2137731f9fa25fd4d9058af34666ca1966fb969119cc35719f12"
dependencies = [
 "block-buffer",
 "cfg-if 1.0.0",
 "cpufeatures",
 "digest",
 "opaque-debug",
]

[[package]]
name = "smallvec"
version = "1.6.1"
source = "registry+https://github.com/rust-lang/crates.io-index"
checksum = "fe0f37c9e8f3c5a4a66ad655a93c74daac4ad00c441533bf5c6e7990bb42604e"

[[package]]
name = "stable_deref_trait"
version = "1.2.0"
source = "registry+https://github.com/rust-lang/crates.io-index"
checksum = "a8f112729512f8e442d81f95a8a7ddf2b7c6b8a1a6f509a95864142b30cab2d3"

[[package]]
name = "stacker"
version = "0.1.13"
source = "registry+https://github.com/rust-lang/crates.io-index"
checksum = "c3f47e840d001df3b785fbc3b84c7228519bdf63d4fb61b9e9f50f7fa153ce10"
dependencies = [
 "cc",
 "cfg-if 1.0.0",
 "libc",
 "psm",
 "winapi",
]

[[package]]
name = "syn"
version = "1.0.72"
source = "registry+https://github.com/rust-lang/crates.io-index"
checksum = "a1e8cdbefb79a9a5a65e0db8b47b723ee907b7c7f8496c76a1770b5c310bab82"
dependencies = [
 "proc-macro2",
 "quote",
 "unicode-xid",
]

[[package]]
name = "synstructure"
version = "0.12.4"
source = "registry+https://github.com/rust-lang/crates.io-index"
checksum = "b834f2d66f734cb897113e34aaff2f1ab4719ca946f9a7358dba8f8064148701"
dependencies = [
 "proc-macro2",
 "quote",
 "syn",
 "unicode-xid",
]

[[package]]
name = "tempfile"
version = "3.2.0"
source = "registry+https://github.com/rust-lang/crates.io-index"
checksum = "dac1c663cfc93810f88aed9b8941d48cabf856a1b111c29a40439018d870eb22"
dependencies = [
 "cfg-if 1.0.0",
 "libc",
 "rand",
 "redox_syscall",
 "remove_dir_all",
 "winapi",
]

[[package]]
name = "termcolor"
version = "1.1.2"
source = "registry+https://github.com/rust-lang/crates.io-index"
checksum = "2dfed899f0eb03f32ee8c6a0aabdb8a7949659e3466561fc0adf54e26d88c5f4"
dependencies = [
 "winapi-util",
]

[[package]]
name = "termize"
version = "0.1.1"
source = "registry+https://github.com/rust-lang/crates.io-index"
checksum = "1706be6b564323ce7092f5f7e6b118a14c8ef7ed0e69c8c5329c914a9f101295"
dependencies = [
 "libc",
 "winapi",
]

[[package]]
name = "tinyvec"
version = "1.2.0"
source = "registry+https://github.com/rust-lang/crates.io-index"
checksum = "5b5220f05bb7de7f3f53c7c065e1199b3172696fe2db9f9c4d8ad9b4ee74c342"
dependencies = [
 "tinyvec_macros",
]

[[package]]
name = "tinyvec_macros"
version = "0.1.0"
source = "registry+https://github.com/rust-lang/crates.io-index"
checksum = "cda74da7e1a664f795bb1f8a87ec406fb89a02522cf6e50620d016add6dbbf5c"

[[package]]
name = "tracing"
version = "0.1.26"
source = "registry+https://github.com/rust-lang/crates.io-index"
checksum = "09adeb8c97449311ccd28a427f96fb563e7fd31aabf994189879d9da2394b89d"
dependencies = [
 "cfg-if 1.0.0",
 "pin-project-lite",
 "tracing-attributes",
 "tracing-core",
]

[[package]]
name = "tracing-attributes"
version = "0.1.15"
source = "registry+https://github.com/rust-lang/crates.io-index"
checksum = "c42e6fa53307c8a17e4ccd4dc81cf5ec38db9209f59b222210375b54ee40d1e2"
dependencies = [
 "proc-macro2",
 "quote",
 "syn",
]

[[package]]
name = "tracing-core"
version = "0.1.18"
source = "registry+https://github.com/rust-lang/crates.io-index"
checksum = "a9ff14f98b1a4b289c6248a023c1c2fa1491062964e9fed67ab29c4e4da4a052"
dependencies = [
 "lazy_static",
]

[[package]]
name = "typenum"
version = "1.13.0"
source = "registry+https://github.com/rust-lang/crates.io-index"
checksum = "879f6906492a7cd215bfa4cf595b600146ccfac0c79bcbd1f3000162af5e8b06"

[[package]]
name = "unicode-normalization"
version = "0.1.19"
source = "registry+https://github.com/rust-lang/crates.io-index"
checksum = "d54590932941a9e9266f0832deed84ebe1bf2e4c9e4a3554d393d18f5e854bf9"
dependencies = [
 "tinyvec",
]

[[package]]
name = "unicode-width"
version = "0.1.8"
source = "registry+https://github.com/rust-lang/crates.io-index"
checksum = "9337591893a19b88d8d87f2cec1e73fad5cdfd10e5a6f349f498ad6ea2ffb1e3"

[[package]]
name = "unicode-xid"
version = "0.2.2"
source = "registry+https://github.com/rust-lang/crates.io-index"
checksum = "8ccb82d61f80a663efe1f787a51b16b5a51e3314d6ac365b08639f52387b33f3"

[[package]]
name = "version_check"
version = "0.9.3"
source = "registry+https://github.com/rust-lang/crates.io-index"
checksum = "5fecdca9a5291cc2b8dcf7dc02453fee791a280f3743cb0905f8822ae463b3fe"

[[package]]
name = "wasi"
version = "0.10.2+wasi-snapshot-preview1"
source = "registry+https://github.com/rust-lang/crates.io-index"
checksum = "fd6fbd9a79829dd1ad0cc20627bf1ed606756a7f77edff7b66b7064f9cb327c6"

[[package]]
name = "winapi"
version = "0.3.9"
source = "registry+https://github.com/rust-lang/crates.io-index"
checksum = "5c839a674fcd7a98952e593242ea400abe93992746761e38641405d28b00f419"
dependencies = [
 "winapi-i686-pc-windows-gnu",
 "winapi-x86_64-pc-windows-gnu",
]

[[package]]
name = "winapi-i686-pc-windows-gnu"
version = "0.4.0"
source = "registry+https://github.com/rust-lang/crates.io-index"
checksum = "ac3b87c63620426dd9b991e5ce0329eff545bccbbb34f3be09ff6fb6ab51b7b6"

[[package]]
name = "winapi-util"
version = "0.1.5"
source = "registry+https://github.com/rust-lang/crates.io-index"
checksum = "70ec6ce85bb158151cae5e5c87f95a8e97d2c0c4b001223f33a334e3ce5de178"
dependencies = [
 "winapi",
]

[[package]]
name = "winapi-x86_64-pc-windows-gnu"
version = "0.4.0"
source = "registry+https://github.com/rust-lang/crates.io-index"
checksum = "712e227841d057c1ee1cd2fb22fa7e5a5461ae8e48fa2ca79ec42cfc1931183f"
